{
  "nodes": {
    "flake-parts": {
      "inputs": {
        "nixpkgs-lib": [
          "nixpkgs"
        ]
      },
      "locked": {
        "lastModified": 1675295133,
        "narHash": "sha256-dU8fuLL98WFXG0VnRgM00bqKX6CEPBLybhiIDIgO45o=",
        "owner": "hercules-ci",
        "repo": "flake-parts",
        "rev": "bf53492df08f3178ce85e0c9df8ed8d03c030c9f",
        "type": "github"
      },
      "original": {
        "owner": "hercules-ci",
        "repo": "flake-parts",
        "type": "github"
      }
    },
    "nixpkgs": {
      "locked": {
        "lastModified": 1675246915,
        "narHash": "sha256-q3E67PIRNQyWKtg43grNYYAZT/ik9oyOsRvHYah0iJQ=",
        "owner": "NixOS",
        "repo": "nixpkgs",
        "rev": "55fbb1d20ce4350aae11bba71844796549175ab1",
        "type": "github"
      },
      "original": {
        "owner": "NixOS",
        "ref": "nixos-unstable-small",
        "repo": "nixpkgs",
        "type": "github"
      }
    },
    "root": {
      "inputs": {
        "flake-parts": "flake-parts",
        "nixpkgs": "nixpkgs",
        "treefmt-nix": "treefmt-nix"
      }
    },
    "treefmt-nix": {
      "locked": {
        "lastModified": 1674470002,
        "narHash": "sha256-Tk1VaMeBTMMGEZeqv3TEwrTAdR9fYb3EH/TPI27AdKk=",
        "owner": "numtide",
        "repo": "treefmt-nix",
        "rev": "d5ed9a1e6793f99b2e179d5dec9639e48ef22db7",
        "type": "github"
      },
      "original": {
        "owner": "numtide",
        "repo": "treefmt-nix",
        "type": "github"
      }
    }
  },
  "root": "root",
  "version": 7
}
